
Microsoft Visual Studio Solution File, Format Version 11.00
# Visual Studio 2010
Project("{FAE04EC0-301F-11D3-BF4B-00C04F79EFBC}") = "SilverlightSearchDeployment", "SilverlightSearchDeployment\SilverlightSearchDeployment.csproj", "{7AC6558B-35F0-46F5-9A0D-CCF4449F54C1}"
	ProjectSection(ProjectDependencies) = postProject
		{2489D468-E98A-4724-8A04-FC57A18C4869} = {2489D468-E98A-4724-8A04-FC57A18C4869}
	EndProjectSection
EndProject
Project("{FAE04EC0-301F-11D3-BF4B-00C04F79EFBC}") = "BookSearchSilverlight", "BookSearchSilverlight\BookSearchSilverlight.csproj", "{2489D468-E98A-4724-8A04-FC57A18C4869}"
EndProject
Global
	GlobalSection(SolutionConfigurationPlatforms) = preSolution
		Debug|Any CPU = Debug|Any CPU
		Release|Any CPU = Release|Any CPU
	EndGlobalSection
	GlobalSection(ProjectConfigurationPlatforms) = postSolution
		{7AC6558B-35F0-46F5-9A0D-CCF4449F54C1}.Debug|Any CPU.ActiveCfg = Debug|Any CPU
		{7AC6558B-35F0-46F5-9A0D-CCF4449F54C1}.Debug|Any CPU.Build.0 = Debug|Any CPU
		{7AC6558B-35F0-46F5-9A0D-CCF4449F54C1}.Debug|Any CPU.Deploy.0 = Debug|Any CPU
		{7AC6558B-35F0-46F5-9A0D-CCF4449F54C1}.Release|Any CPU.ActiveCfg = Release|Any CPU
		{7AC6558B-35F0-46F5-9A0D-CCF4449F54C1}.Release|Any CPU.Build.0 = Release|Any CPU
		{7AC6558B-35F0-46F5-9A0D-CCF4449F54C1}.Release|Any CPU.Deploy.0 = Release|Any CPU
		{2489D468-E98A-4724-8A04-FC57A18C4869}.Debug|Any CPU.ActiveCfg = Debug|Any CPU
		{2489D468-E98A-4724-8A04-FC57A18C4869}.Debug|Any CPU.Build.0 = Debug|Any CPU
		{2489D468-E98A-4724-8A04-FC57A18C4869}.Release|Any CPU.ActiveCfg = Release|Any CPU
		{2489D468-E98A-4724-8A04-FC57A18C4869}.Release|Any CPU.Build.0 = Release|Any CPU
	EndGlobalSection
	GlobalSection(SolutionProperties) = preSolution
		HideSolutionNode = FALSE
	EndGlobalSection
EndGlobal
